
Microsoft Visual Studio Solution File, Format Version 12.00
# Visual Studio Version 17
VisualStudioVersion = 17.9.34902.65
MinimumVisualStudioVersion = 10.0.40219.1
Project("{9A19103F-16F7-4668-BE54-9A1E7A4F7556}") = "Application", "Application\Application.csproj", "{4ADBB6A8-47E2-43EF-B97B-D3024CBD8B1B}"
EndProject
Project("{FAE04EC0-301F-11D3-BF4B-00C04F79EFBC}") = "Domain", "Domain\Domain.csproj", "{F6702529-F629-4DA4-96C4-D731343D9B24}"
EndProject
Project("{FAE04EC0-301F-11D3-BF4B-00C04F79EFBC}") = "API", "API\API.csproj", "{C4686DB7-F538-46EF-AA9F-0A723B9A19F0}"
EndProject
Project("{FAE04EC0-301F-11D3-BF4B-00C04F79EFBC}") = "Infrastructure", "Infrastructure\Infrastructure.csproj", "{EE469BB2-8F21-4231-9B3B-EFA8EAA6428E}"
EndProject
Global
	GlobalSection(SolutionConfigurationPlatforms) = preSolution
		Debug|Any CPU = Debug|Any CPU
		Release|Any CPU = Release|Any CPU
	EndGlobalSection
	GlobalSection(ProjectConfigurationPlatforms) = postSolution
		{4ADBB6A8-47E2-43EF-B97B-D3024CBD8B1B}.Debug|Any CPU.ActiveCfg = Debug|Any CPU
		{4ADBB6A8-47E2-43EF-B97B-D3024CBD8B1B}.Debug|Any CPU.Build.0 = Debug|Any CPU
		{4ADBB6A8-47E2-43EF-B97B-D3024CBD8B1B}.Release|Any CPU.ActiveCfg = Release|Any CPU
		{4ADBB6A8-47E2-43EF-B97B-D3024CBD8B1B}.Release|Any CPU.Build.0 = Release|Any CPU
		{F6702529-F629-4DA4-96C4-D731343D9B24}.Debug|Any CPU.ActiveCfg = Debug|Any CPU
		{F6702529-F629-4DA4-96C4-D731343D9B24}.Debug|Any CPU.Build.0 = Debug|Any CPU
		{F6702529-F629-4DA4-96C4-D731343D9B24}.Release|Any CPU.ActiveCfg = Release|Any CPU
		{F6702529-F629-4DA4-96C4-D731343D9B24}.Release|Any CPU.Build.0 = Release|Any CPU
		{C4686DB7-F538-46EF-AA9F-0A723B9A19F0}.Debug|Any CPU.ActiveCfg = Debug|Any CPU
		{C4686DB7-F538-46EF-AA9F-0A723B9A19F0}.Debug|Any CPU.Build.0 = Debug|Any CPU
		{C4686DB7-F538-46EF-AA9F-0A723B9A19F0}.Release|Any CPU.ActiveCfg = Release|Any CPU
		{C4686DB7-F538-46EF-AA9F-0A723B9A19F0}.Release|Any CPU.Build.0 = Release|Any CPU
		{EE469BB2-8F21-4231-9B3B-EFA8EAA6428E}.Debug|Any CPU.ActiveCfg = Debug|Any CPU
		{EE469BB2-8F21-4231-9B3B-EFA8EAA6428E}.Debug|Any CPU.Build.0 = Debug|Any CPU
		{EE469BB2-8F21-4231-9B3B-EFA8EAA6428E}.Release|Any CPU.ActiveCfg = Release|Any CPU
		{EE469BB2-8F21-4231-9B3B-EFA8EAA6428E}.Release|Any CPU.Build.0 = Release|Any CPU
	EndGlobalSection
	GlobalSection(SolutionProperties) = preSolution
		HideSolutionNode = FALSE
	EndGlobalSection
	GlobalSection(ExtensibilityGlobals) = postSolution
		SolutionGuid = {07122AB8-9E96-447F-A35B-5A466DF560C3}
	EndGlobalSection
EndGlobal
